// !$*UTF8*$!
{
	archiveVersion = 1;
	classes = {
	};
	objectVersion = 50;
	objects = {

/* Begin PBXBuildFile section */
		F447707A26D7377D0067BCFF /* AppDelegate.m in Sources */ = {isa = PBXBuildFile; fileRef = F447707926D7377D0067BCFF /* AppDelegate.m */; };
		F447707C26D7377F0067BCFF /* Assets.xcassets in Resources */ = {isa = PBXBuildFile; fileRef = F447707B26D7377F0067BCFF /* Assets.xcassets */; };
		F447708226D7377F0067BCFF /* main.m in Sources */ = {isa = PBXBuildFile; fileRef = F447708126D7377F0067BCFF /* main.m */; };
		F447708B26D78F720067BCFF /* AppViewController.m in Sources */ = {isa = PBXBuildFile; fileRef = F447708A26D78F720067BCFF /* AppViewController.m */; };
		F45B61FE26F1EE3B00B2C1CE /* VPWindow.m in Sources */ = {isa = PBXBuildFile; fileRef = F45B61FD26F1EE3B00B2C1CE /* VPWindow.m */; };
		F45B620126F1EF5100B2C1CE /* VPItemView.m in Sources */ = {isa = PBXBuildFile; fileRef = F45B620026F1EF5100B2C1CE /* VPItemView.m */; };
		F45B620426F1F2F900B2C1CE /* InfoPaneView.m in Sources */ = {isa = PBXBuildFile; fileRef = F45B620326F1F2F900B2C1CE /* InfoPaneView.m */; };
		F45B620726F45C2200B2C1CE /* DrawAreaView.m in Sources */ = {isa = PBXBuildFile; fileRef = F45B620626F45C2200B2C1CE /* DrawAreaView.m */; };
		F45B620A26F45CC300B2C1CE /* VPContentView.m in Sources */ = {isa = PBXBuildFile; fileRef = F45B620926F45CC300B2C1CE /* VPContentView.m */; };
		F45B620D26F46C6F00B2C1CE /* VPLog.m in Sources */ = {isa = PBXBuildFile; fileRef = F45B620C26F46C6F00B2C1CE /* VPLog.m */; };
		F45B621026F48B9300B2C1CE /* VPImageView.m in Sources */ = {isa = PBXBuildFile; fileRef = F45B620F26F48B9300B2C1CE /* VPImageView.m */; };
		F4D1176026EAF9EF00AFD72E /* DrawAreaViewController.m in Sources */ = {isa = PBXBuildFile; fileRef = F4D1175F26EAF9EF00AFD72E /* DrawAreaViewController.m */; };
		F4D1176826EAFDC600AFD72E /* InfoPaneViewController.m in Sources */ = {isa = PBXBuildFile; fileRef = F4D1176726EAFDC600AFD72E /* InfoPaneViewController.m */; };
/* End PBXBuildFile section */

/* Begin PBXFileReference section */
		F447707526D7377D0067BCFF /* View_Programming.app */ = {isa = PBXFileReference; explicitFileType = wrapper.application; includeInIndex = 0; path = View_Programming.app; sourceTree = BUILT_PRODUCTS_DIR; };
		F447707826D7377D0067BCFF /* AppDelegate.h */ = {isa = PBXFileReference; lastKnownFileType = sourcecode.c.h; path = AppDelegate.h; sourceTree = "<group>"; };
		F447707926D7377D0067BCFF /* AppDelegate.m */ = {isa = PBXFileReference; lastKnownFileType = sourcecode.c.objc; path = AppDelegate.m; sourceTree = "<group>"; };
		F447707B26D7377F0067BCFF /* Assets.xcassets */ = {isa = PBXFileReference; lastKnownFileType = folder.assetcatalog; path = Assets.xcassets; sourceTree = "<group>"; };
		F447708026D7377F0067BCFF /* Info.plist */ = {isa = PBXFileReference; lastKnownFileType = text.plist.xml; path = Info.plist; sourceTree = "<group>"; };
		F447708126D7377F0067BCFF /* main.m */ = {isa = PBXFileReference; lastKnownFileType = sourcecode.c.objc; path = main.m; sourceTree = "<group>"; };
		F447708326D7377F0067BCFF /* View_Programming.entitlements */ = {isa = PBXFileReference; lastKnownFileType = text.plist.entitlements; path = View_Programming.entitlements; sourceTree = "<group>"; };
		F447708926D78F720067BCFF /* AppViewController.h */ = {isa = PBXFileReference; lastKnownFileType = sourcecode.c.h; path = AppViewController.h; sourceTree = "<group>"; };
		F447708A26D78F720067BCFF /* AppViewController.m */ = {isa = PBXFileReference; lastKnownFileType = sourcecode.c.objc; path = AppViewController.m; sourceTree = "<group>"; };
		F45B61FC26F1EE3B00B2C1CE /* VPWindow.h */ = {isa = PBXFileReference; lastKnownFileType = sourcecode.c.h; path = VPWindow.h; sourceTree = "<group>"; };
		F45B61FD26F1EE3B00B2C1CE /* VPWindow.m */ = {isa = PBXFileReference; lastKnownFileType = sourcecode.c.objc; path = VPWindow.m; sourceTree = "<group>"; };
		F45B61FF26F1EF5100B2C1CE /* VPItemView.h */ = {isa = PBXFileReference; lastKnownFileType = sourcecode.c.h; path = VPItemView.h; sourceTree = "<group>"; };
		F45B620026F1EF5100B2C1CE /* VPItemView.m */ = {isa = PBXFileReference; lastKnownFileType = sourcecode.c.objc; path = VPItemView.m; sourceTree = "<group>"; };
		F45B620226F1F2F900B2C1CE /* InfoPaneView.h */ = {isa = PBXFileReference; lastKnownFileType = sourcecode.c.h; path = InfoPaneView.h; sourceTree = "<group>"; };
		F45B620326F1F2F900B2C1CE /* InfoPaneView.m */ = {isa = PBXFileReference; lastKnownFileType = sourcecode.c.objc; path = InfoPaneView.m; sourceTree = "<group>"; };
		F45B620526F45C2200B2C1CE /* DrawAreaView.h */ = {isa = PBXFileReference; lastKnownFileType = sourcecode.c.h; name = DrawAreaView.h; path = View_Programming/DrawAreaView.h; sourceTree = SOURCE_ROOT; };
		F45B620626F45C2200B2C1CE /* DrawAreaView.m */ = {isa = PBXFileReference; lastKnownFileType = sourcecode.c.objc; name = DrawAreaView.m; path = View_Programming/DrawAreaView.m; sourceTree = SOURCE_ROOT; };
		F45B620826F45CC300B2C1CE /* VPContentView.h */ = {isa = PBXFileReference; lastKnownFileType = sourcecode.c.h; path = VPContentView.h; sourceTree = "<group>"; };
		F45B620926F45CC300B2C1CE /* VPContentView.m */ = {isa = PBXFileReference; lastKnownFileType = sourcecode.c.objc; path = VPContentView.m; sourceTree = "<group>"; };
		F45B620B26F46C6F00B2C1CE /* VPLog.h */ = {isa = PBXFileReference; lastKnownFileType = sourcecode.c.h; path = VPLog.h; sourceTree = "<group>"; };
		F45B620C26F46C6F00B2C1CE /* VPLog.m */ = {isa = PBXFileReference; lastKnownFileType = sourcecode.c.objc; path = VPLog.m; sourceTree = "<group>"; };
		F45B620E26F48B9300B2C1CE /* VPImageView.h */ = {isa = PBXFileReference; lastKnownFileType = sourcecode.c.h; path = VPImageView.h; sourceTree = "<group>"; };
		F45B620F26F48B9300B2C1CE /* VPImageView.m */ = {isa = PBXFileReference; lastKnownFileType = sourcecode.c.objc; path = VPImageView.m; sourceTree = "<group>"; };
		F4D1175E26EAF9EF00AFD72E /* DrawAreaViewController.h */ = {isa = PBXFileReference; lastKnownFileType = sourcecode.c.h; path = DrawAreaViewController.h; sourceTree = "<group>"; };
		F4D1175F26EAF9EF00AFD72E /* DrawAreaViewController.m */ = {isa = PBXFileReference; lastKnownFileType = sourcecode.c.objc; path = DrawAreaViewController.m; sourceTree = "<group>"; };
		F4D1176626EAFDC600AFD72E /* InfoPaneViewController.h */ = {isa = PBXFileReference; lastKnownFileType = sourcecode.c.h; path = InfoPaneViewController.h; sourceTree = "<group>"; };
		F4D1176726EAFDC600AFD72E /* InfoPaneViewController.m */ = {isa = PBXFileReference; lastKnownFileType = sourcecode.c.objc; path = InfoPaneViewController.m; sourceTree = "<group>"; };
/* End PBXFileReference section */

/* Begin PBXFrameworksBuildPhase section */
		F447707226D7377D0067BCFF /* Frameworks */ = {
			isa = PBXFrameworksBuildPhase;
			buildActionMask = 2147483647;
			files = (
			);
			runOnlyForDeploymentPostprocessing = 0;
		};
/* End PBXFrameworksBuildPhase section */

/* Begin PBXGroup section */
		F447706C26D7377D0067BCFF = {
			isa = PBXGroup;
			children = (
				F447707726D7377D0067BCFF /* View_Programming */,
				F447707626D7377D0067BCFF /* Products */,
			);
			sourceTree = "<group>";
		};
		F447707626D7377D0067BCFF /* Products */ = {
			isa = PBXGroup;
			children = (
				F447707526D7377D0067BCFF /* View_Programming.app */,
			);
			name = Products;
			sourceTree = "<group>";
		};
		F447707726D7377D0067BCFF /* View_Programming */ = {
			isa = PBXGroup;
			children = (
				F447707826D7377D0067BCFF /* AppDelegate.h */,
				F447707926D7377D0067BCFF /* AppDelegate.m */,
				F45B61FC26F1EE3B00B2C1CE /* VPWindow.h */,
				F45B61FD26F1EE3B00B2C1CE /* VPWindow.m */,
				F45B620826F45CC300B2C1CE /* VPContentView.h */,
				F45B620926F45CC300B2C1CE /* VPContentView.m */,
				F447708926D78F720067BCFF /* AppViewController.h */,
				F447708A26D78F720067BCFF /* AppViewController.m */,
				F45B620B26F46C6F00B2C1CE /* VPLog.h */,
				F45B620C26F46C6F00B2C1CE /* VPLog.m */,
				F4D1176126EAF9F900AFD72E /* DrawArea */,
				F4D1176226EAFBA900AFD72E /* InfoPane */,
				F447708126D7377F0067BCFF /* main.m */,
				F447708026D7377F0067BCFF /* Info.plist */,
				F447707B26D7377F0067BCFF /* Assets.xcassets */,
				F447708326D7377F0067BCFF /* View_Programming.entitlements */,
			);
			path = View_Programming;
			sourceTree = "<group>";
		};
		F4D1176126EAF9F900AFD72E /* DrawArea */ = {
			isa = PBXGroup;
			children = (
				F4D1175E26EAF9EF00AFD72E /* DrawAreaViewController.h */,
				F4D1175F26EAF9EF00AFD72E /* DrawAreaViewController.m */,
				F45B620526F45C2200B2C1CE /* DrawAreaView.h */,
				F45B620626F45C2200B2C1CE /* DrawAreaView.m */,
				F45B61FF26F1EF5100B2C1CE /* VPItemView.h */,
				F45B620026F1EF5100B2C1CE /* VPItemView.m */,
				F45B620E26F48B9300B2C1CE /* VPImageView.h */,
				F45B620F26F48B9300B2C1CE /* VPImageView.m */,
			);
			path = DrawArea;
			sourceTree = "<group>";
		};
		F4D1176226EAFBA900AFD72E /* InfoPane */ = {
			isa = PBXGroup;
			children = (
				F4D1176626EAFDC600AFD72E /* InfoPaneViewController.h */,
				F4D1176726EAFDC600AFD72E /* InfoPaneViewController.m */,
				F45B620226F1F2F900B2C1CE /* InfoPaneView.h */,
				F45B620326F1F2F900B2C1CE /* InfoPaneView.m */,
			);
			path = InfoPane;
			sourceTree = "<group>";
		};
/* End PBXGroup section */

/* Begin PBXNativeTarget section */
		F447707426D7377D0067BCFF /* View_Programming */ = {
			isa = PBXNativeTarget;
			buildConfigurationList = F447708626D7377F0067BCFF /* Build configuration list for PBXNativeTarget "View_Programming" */;
			buildPhases = (
				F447707126D7377D0067BCFF /* Sources */,
				F447707226D7377D0067BCFF /* Frameworks */,
				F447707326D7377D0067BCFF /* Resources */,
			);
			buildRules = (
			);
			dependencies = (
			);
			name = View_Programming;
			productName = View_Programming;
			productReference = F447707526D7377D0067BCFF /* View_Programming.app */;
			productType = "com.apple.product-type.application";
		};
/* End PBXNativeTarget section */

/* Begin PBXProject section */
		F447706D26D7377D0067BCFF /* Project object */ = {
			isa = PBXProject;
			attributes = {
				LastUpgradeCheck = 1250;
				TargetAttributes = {
					F447707426D7377D0067BCFF = {
						CreatedOnToolsVersion = 12.5;
					};
				};
			};
			buildConfigurationList = F447707026D7377D0067BCFF /* Build configuration list for PBXProject "View_Programming" */;
			compatibilityVersion = "Xcode 9.3";
			developmentRegion = en;
			hasScannedForEncodings = 0;
			knownRegions = (
				en,
				Base,
			);
			mainGroup = F447706C26D7377D0067BCFF;
			productRefGroup = F447707626D7377D0067BCFF /* Products */;
			projectDirPath = "";
			projectRoot = "";
			targets = (
				F447707426D7377D0067BCFF /* View_Programming */,
			);
		};
/* End PBXProject section */

/* Begin PBXResourcesBuildPhase section */
		F447707326D7377D0067BCFF /* Resources */ = {
			isa = PBXResourcesBuildPhase;
			buildActionMask = 2147483647;
			files = (
				F447707C26D7377F0067BCFF /* Assets.xcassets in Resources */,
			);
			runOnlyForDeploymentPostprocessing = 0;
		};
/* End PBXResourcesBuildPhase section */

/* Begin PBXSourcesBuildPhase section */
		F447707126D7377D0067BCFF /* Sources */ = {
			isa = PBXSourcesBuildPhase;
			buildActionMask = 2147483647;
			files = (
				F45B621026F48B9300B2C1CE /* VPImageView.m in Sources */,
				F45B61FE26F1EE3B00B2C1CE /* VPWindow.m in Sources */,
				F447708226D7377F0067BCFF /* main.m in Sources */,
				F4D1176826EAFDC600AFD72E /* InfoPaneViewController.m in Sources */,
				F447708B26D78F720067BCFF /* AppViewController.m in Sources */,
				F45B620426F1F2F900B2C1CE /* InfoPaneView.m in Sources */,
				F447707A26D7377D0067BCFF /* AppDelegate.m in Sources */,
				F45B620D26F46C6F00B2C1CE /* VPLog.m in Sources */,
				F4D1176026EAF9EF00AFD72E /* DrawAreaViewController.m in Sources */,
				F45B620126F1EF5100B2C1CE /* VPItemView.m in Sources */,
				F45B620A26F45CC300B2C1CE /* VPContentView.m in Sources */,
				F45B620726F45C2200B2C1CE /* DrawAreaView.m in Sources */,
			);
			runOnlyForDeploymentPostprocessing = 0;
		};
/* End PBXSourcesBuildPhase section */

/* Begin XCBuildConfiguration section */
		F447708426D7377F0067BCFF /* Debug */ = {
			isa = XCBuildConfiguration;
			buildSettings = {
				ALWAYS_SEARCH_USER_PATHS = NO;
				CLANG_ANALYZER_NONNULL = YES;
				CLANG_ANALYZER_NUMBER_OBJECT_CONVERSION = YES_AGGRESSIVE;
				CLANG_CXX_LANGUAGE_STANDARD = "gnu++14";
				CLANG_CXX_LIBRARY = "libc++";
				CLANG_ENABLE_MODULES = YES;
				CLANG_ENABLE_OBJC_ARC = YES;
				CLANG_ENABLE_OBJC_WEAK = YES;
				CLANG_WARN_BLOCK_CAPTURE_AUTORELEASING = YES;
				CLANG_WARN_BOOL_CONVERSION = YES;
				CLANG_WARN_COMMA = YES;
				CLANG_WARN_CONSTANT_CONVERSION = YES;
				CLANG_WARN_DEPRECATED_OBJC_IMPLEMENTATIONS = YES;
				CLANG_WARN_DIRECT_OBJC_ISA_USAGE = YES_ERROR;
				CLANG_WARN_DOCUMENTATION_COMMENTS = YES;
				CLANG_WARN_EMPTY_BODY = YES;
				CLANG_WARN_ENUM_CONVERSION = YES;
				CLANG_WARN_INFINITE_RECURSION = YES;
				CLANG_WARN_INT_CONVERSION = YES;
				CLANG_WARN_NON_LITERAL_NULL_CONVERSION = YES;
				CLANG_WARN_OBJC_IMPLICIT_RETAIN_SELF = YES;
				CLANG_WARN_OBJC_LITERAL_CONVERSION = YES;
				CLANG_WARN_OBJC_ROOT_CLASS = YES_ERROR;
				CLANG_WARN_QUOTED_INCLUDE_IN_FRAMEWORK_HEADER = YES;
				CLANG_WARN_RANGE_LOOP_ANALYSIS = YES;
				CLANG_WARN_STRICT_PROTOTYPES = YES;
				CLANG_WARN_SUSPICIOUS_MOVE = YES;
				CLANG_WARN_UNGUARDED_AVAILABILITY = YES_AGGRESSIVE;
				CLANG_WARN_UNREACHABLE_CODE = YES;
				CLANG_WARN__DUPLICATE_METHOD_MATCH = YES;
				COPY_PHASE_STRIP = NO;
				DEBUG_INFORMATION_FORMAT = dwarf;
				ENABLE_STRICT_OBJC_MSGSEND = YES;
				ENABLE_TESTABILITY = YES;
				GCC_C_LANGUAGE_STANDARD = gnu11;
				GCC_DYNAMIC_NO_PIC = NO;
				GCC_NO_COMMON_BLOCKS = YES;
				GCC_OPTIMIZATION_LEVEL = 0;
				GCC_PREPROCESSOR_DEFINITIONS = (
					"DEBUG=1",
					"$(inherited)",
				);
				GCC_WARN_64_TO_32_BIT_CONVERSION = YES;
				GCC_WARN_ABOUT_RETURN_TYPE = YES_ERROR;
				GCC_WARN_UNDECLARED_SELECTOR = YES;
				GCC_WARN_UNINITIALIZED_AUTOS = YES_AGGRESSIVE;
				GCC_WARN_UNUSED_FUNCTION = YES;
				GCC_WARN_UNUSED_VARIABLE = YES;
				MACOSX_DEPLOYMENT_TARGET = 11.3;
				MTL_ENABLE_DEBUG_INFO = INCLUDE_SOURCE;
				MTL_FAST_MATH = YES;
				ONLY_ACTIVE_ARCH = YES;
				SDKROOT = macosx;
			};
			name = Debug;
		};
		F447708526D7377F0067BCFF /* Release */ = {
			isa = XCBuildConfiguration;
			buildSettings = {
				ALWAYS_SEARCH_USER_PATHS = NO;
				CLANG_ANALYZER_NONNULL = YES;
				CLANG_ANALYZER_NUMBER_OBJECT_CONVERSION = YES_AGGRESSIVE;
				CLANG_CXX_LANGUAGE_STANDARD = "gnu++14";
				CLANG_CXX_LIBRARY = "libc++";
				CLANG_ENABLE_MODULES = YES;
				CLANG_ENABLE_OBJC_ARC = YES;
				CLANG_ENABLE_OBJC_WEAK = YES;
				CLANG_WARN_BLOCK_CAPTURE_AUTORELEASING = YES;
				CLANG_WARN_BOOL_CONVERSION = YES;
				CLANG_WARN_COMMA = YES;
				CLANG_WARN_CONSTANT_CONVERSION = YES;
				CLANG_WARN_DEPRECATED_OBJC_IMPLEMENTATIONS = YES;
				CLANG_WARN_DIRECT_OBJC_ISA_USAGE = YES_ERROR;
				CLANG_WARN_DOCUMENTATION_COMMENTS = YES;
				CLANG_WARN_EMPTY_BODY = YES;
				CLANG_WARN_ENUM_CONVERSION = YES;
				CLANG_WARN_INFINITE_RECURSION = YES;
				CLANG_WARN_INT_CONVERSION = YES;
				CLANG_WARN_NON_LITERAL_NULL_CONVERSION = YES;
				CLANG_WARN_OBJC_IMPLICIT_RETAIN_SELF = YES;
				CLANG_WARN_OBJC_LITERAL_CONVERSION = YES;
				CLANG_WARN_OBJC_ROOT_CLASS = YES_ERROR;
				CLANG_WARN_QUOTED_INCLUDE_IN_FRAMEWORK_HEADER = YES;
				CLANG_WARN_RANGE_LOOP_ANALYSIS = YES;
				CLANG_WARN_STRICT_PROTOTYPES = YES;
				CLANG_WARN_SUSPICIOUS_MOVE = YES;
				CLANG_WARN_UNGUARDED_AVAILABILITY = YES_AGGRESSIVE;
				CLANG_WARN_UNREACHABLE_CODE = YES;
				CLANG_WARN__DUPLICATE_METHOD_MATCH = YES;
				COPY_PHASE_STRIP = NO;
				DEBUG_INFORMATION_FORMAT = "dwarf-with-dsym";
				ENABLE_NS_ASSERTIONS = NO;
				ENABLE_STRICT_OBJC_MSGSEND = YES;
				GCC_C_LANGUAGE_STANDARD = gnu11;
				GCC_NO_COMMON_BLOCKS = YES;
				GCC_WARN_64_TO_32_BIT_CONVERSION = YES;
				GCC_WARN_ABOUT_RETURN_TYPE = YES_ERROR;
				GCC_WARN_UNDECLARED_SELECTOR = YES;
				GCC_WARN_UNINITIALIZED_AUTOS = YES_AGGRESSIVE;
				GCC_WARN_UNUSED_FUNCTION = YES;
				GCC_WARN_UNUSED_VARIABLE = YES;
				MACOSX_DEPLOYMENT_TARGET = 11.3;
				MTL_ENABLE_DEBUG_INFO = NO;
				MTL_FAST_MATH = YES;
				SDKROOT = macosx;
			};
			name = Release;
		};
		F447708726D7377F0067BCFF /* Debug */ = {
			isa = XCBuildConfiguration;
			buildSettings = {
				ASSETCATALOG_COMPILER_APPICON_NAME = AppIcon;
				ASSETCATALOG_COMPILER_GLOBAL_ACCENT_COLOR_NAME = AccentColor;
				CODE_SIGN_ENTITLEMENTS = View_Programming/View_Programming.entitlements;
				CODE_SIGN_STYLE = Automatic;
				COMBINE_HIDPI_IMAGES = YES;
				INFOPLIST_FILE = View_Programming/Info.plist;
				LD_RUNPATH_SEARCH_PATHS = (
					"$(inherited)",
					"@executable_path/../Frameworks",
				);
				PRODUCT_BUNDLE_IDENTIFIER = "yalinli.View-Programming";
				PRODUCT_NAME = "$(TARGET_NAME)";
			};
			name = Debug;
		};
		F447708826D7377F0067BCFF /* Release */ = {
			isa = XCBuildConfiguration;
			buildSettings = {
				ASSETCATALOG_COMPILER_APPICON_NAME = AppIcon;
				ASSETCATALOG_COMPILER_GLOBAL_ACCENT_COLOR_NAME = AccentColor;
				CODE_SIGN_ENTITLEMENTS = View_Programming/View_Programming.entitlements;
				CODE_SIGN_STYLE = Automatic;
				COMBINE_HIDPI_IMAGES = YES;
				INFOPLIST_FILE = View_Programming/Info.plist;
				LD_RUNPATH_SEARCH_PATHS = (
					"$(inherited)",
					"@executable_path/../Frameworks",
				);
				PRODUCT_BUNDLE_IDENTIFIER = "yalinli.View-Programming";
				PRODUCT_NAME = "$(TARGET_NAME)";
			};
			name = Release;
		};
/* End XCBuildConfiguration section */

/* Begin XCConfigurationList section */
		F447707026D7377D0067BCFF /* Build configuration list for PBXProject "View_Programming" */ = {
			isa = XCConfigurationList;
			buildConfigurations = (
				F447708426D7377F0067BCFF /* Debug */,
				F447708526D7377F0067BCFF /* Release */,
			);
			defaultConfigurationIsVisible = 0;
			defaultConfigurationName = Release;
		};
		F447708626D7377F0067BCFF /* Build configuration list for PBXNativeTarget "View_Programming" */ = {
			isa = XCConfigurationList;
			buildConfigurations = (
				F447708726D7377F0067BCFF /* Debug */,
				F447708826D7377F0067BCFF /* Release */,
			);
			defaultConfigurationIsVisible = 0;
			defaultConfigurationName = Release;
		};
/* End XCConfigurationList section */
	};
	rootObject = F447706D26D7377D0067BCFF /* Project object */;
}
